github.com/BurntSushi/toml v0.3.1 h1:WXkYYl6Yr3qBf1K79EBnL4mak0OimBfB0XUf9Vl28OQ=
github.com/BurntSushi/toml v0.3.1/go.mod h1:xHWCNGjB5oqiDr8zfno3MHue2Ht5sIBksp03qcyfWMU=
github.com/StackExchange/wmi v0.0.0-20190523213315-cbe66965904d h1:G0m3OIz70MZUWq3EgK3CesDbo8upS2Vm9/P3FtgI+Jk=
github.com/StackExchange/wmi v0.0.0-20190523213315-cbe66965904d/go.mod h1:3eOhrUMpNV+6aFIbp5/iudMxNCF27Vw2OZgy4xEx0Fg=
github.com/beevik/etree v1.1.0 h1:T0xke/WvNtMoCqgzPhkX2r4rjY3GDZFi+FjpRZY2Jbs=
github.com/beevik/etree v1.1.0/go.mod h1:r8Aw8JqVegEf0w2fDnATrX9VpkMcyFeM0FhwO62wh+A=
github.com/elgs/gostrgen v0.0.0-20161222160715-9d61ae07eeae h1:3KvK2DmA7TxQ6PZ2f0rWbdqjgJhRcqgbY70bBeE4clI=
github.com/elgs/gostrgen v0.0.0-20161222160715-9d61ae07eeae/go.mod h1:wruC5r2gHdr/JIUs5Rr1V45YtsAzKXZxAnn/5rPC97g=
github.com/funny/slab v0.0.0-20180511031532-b1fad5e5d478 h1:Db9StoJ6RZN3YttC0Pm0I4Y5izITRYch3RMbT59BYN0=
github.com/funny/slab v0.0.0-20180511031532-b1fad5e5d478/go.mod h1:0j1+svBH8ABEIPdUP0AIg4qedsybnXGJBakCEw8cfoo=
github.com/funny/utest v0.0.0-20161029064919-43870a374500 h1:Z0r1CZnoIWFB/Uiwh1BU5FYmuFe6L5NPi6XWQEmsTRg=
github.com/funny/utest v0.0.0-20161029064919-43870a374500/go.mod h1:mUn39tBov9jKnTWV1RlOYoNzxdBFHiSzXWdY1FoNGGg=
github.com/go-ole/go-ole v1.2.4 h1:nNBDSCOigTSiarFpYE9J/KtEA1IOW4CNeqT9TQDqCxI=
github.com/go-ole/go-ole v1.2.4/go.mod h1:XCwSNxSkXRo4vlyPy93sltvi/qJq0jqQhjqQNIwKuxM=
github.com/gobwas/httphead v0.0.0-20180130184737-2c6c146eadee h1:s+21KNqlpePfkah2I+gwHF8xmJWRjooY+5248k6m4A0=
github.com/gobwas/httphead v0.0.0-20180130184737-2c6c146eadee/go.mod h1:L0fX3K22YWvt/FAX9NnzrNzcI4wNYi9Yku4O0LKYflo=
github.com/gobwas/pool v0.2.0 h1:QEmUOlnSjWtnpRGHF3SauEiOsy82Cup83Vf2LcMlnc8=
github.com/gobwas/pool v0.2.0/go.mod h1:q8bcK0KcYlCgd9e7WYLm9LpyS+YeLd8JVDW6WezmKEw=
github.com/gobwas/ws v1.0.2 h1:CoAavW/wd/kulfZmSIBt6p24n4j7tHgNVCjsfHVNUbo=
github.com/gobwas/ws v1.0.2/go.mod h1:szmBTxLgaFppYjEmNtny/v3w89xOydFnnZMcgRRu/EM=
github.com/quangngotan95/go-m3u8 v0.1.0 h1:8oseBjJn5IKHQKdRZwSNskkua3NLrRtlvXXtoVgBzMk=
github.com/quangngotan95/go-m3u8 v0.1.0/go.mod h1:smzfWHlYpBATVNu1GapKLYiCtEo5JxridIgvvudZ+Wc=
github.com/satori/go.uuid v1.2.0 h1:0uYX9dsZ2yD7q2RtLRtPSdGDWzjeM3TbMJP9utgA0ww=
github.com/satori/go.uuid v1.2.0/go.mod h1:dA0hQrYB0VpLJoorglMZABFdXlWrHn1NEOzdhQKdks0=
github.com/shirou/gopsutil v2.19.12+incompatible h1:WRstheAymn1WOPesh+24+bZKFkqrdCR8JOc77v4xV3Q=
github.com/shirou/gopsutil v2.19.12+incompatible/go.mod h1:5b4v6he4MtMOwMlS0TUMTu2PcXUg8+E1lC7eC3UO/RA=
github.com/yakovlevdmv/Golang-iso8601-duration v0.0.0-20180403125811-e5db0413b903 h1:W1Y09qPuFslSd+3famnSJpy4c3My7Gp1cgk5x4ZlbfU=
github.com/yakovlevdmv/Golang-iso8601-duration v0.0.0-20180403125811-e5db0413b903/go.mod h1:9o96byDMk+osDZqiIS2a7E7y0cWmg4rRTjQRWVHpFWE=
github.com/yakovlevdmv/WS-Discovery v0.0.0-20180512141937-16170c6c3677 h1:nqKwQVVEWuRuwEVPlWKAkWx/kz7xzINIOkzLKt8+dtA=
github.com/yakovlevdmv/WS-Discovery v0.0.0-20180512141937-16170c6c3677/go.mod h1:/VKdrRRbAVE0pvkoPTUlfXw1zxqEpflVsgF25aR5gbk=
github.com/yakovlevdmv/goonvif v0.0.0-20180517145634-8181eb3ef2fb h1:U8ShPPdGxCVT4HSxiFoQWbazD+rKw2NJ/zd5kvW5mBM=
github.com/yakovlevdmv/goonvif v0.0.0-20180517145634-8181eb3ef2fb/go.mod h1:Os0AToR0I28wSLpS4rQtZdMEcfGKJcSrTaJughAopv4=
github.com/yakovlevdmv/gosoap v0.0.0-20180512142237-299a954b1c6d h1:2SmbQZMSxlr3363uVazvDp+pr+FwXa4Bb3xn3Gj+Zqk=
github.com/yakovlevdmv/gosoap v0.0.0-20180512142237-299a954b1c6d/go.mod h1:NhCpqPG+N2wrLSqEHVG3FKl4uAPvtFHUx7IlCVpW1PU=
golang.org/x/crypto v0.0.0-20190308221718-c2843e01d9a2/go.mod h1:djNgcEr1/C05ACkg1iLfiJU5Ep61QUkGW8qpdssI0+w=
golang.org/x/net v0.0.0-20200226051749-491c5fce7268 h1:fnuNgko6vrkrxuKfTMd+0eOz50ziv+Wi+t38KUT3j+E=
golang.org/x/net v0.0.0-20200226051749-491c5fce7268/go.mod h1:z5CRVTTTmAJ677TzLLGU+0bjPO0LkuOLi4/5GtJWs/s=
golang.org/x/sys v0.0.0-20190215142949-d0b11bdaac8a/go.mod h1:STP8DvDyc/dI5b8T5hshtkjS+E42TnysNCUPdjciGhY=
golang.org/x/sys v0.0.0-20200122134326-e047566fdf82 h1:ywK/j/KkyTHcdyYSZNXGjMwgmDSfjglYZ3vStQ/gSCU=
golang.org/x/sys v0.0.0-20200122134326-e047566fdf82/go.mod h1:h1NjWce9XRLGQEsW7wpKNCjG9DtNlClVuFLEZdDNbEs=
golang.org/x/sys v0.0.0-20200223170610-d5e6a3e2c0ae h1:/WDfKMnPU+m5M4xB+6x4kaepxRw6jWvR5iDRdvjHgy8=
golang.org/x/sys v0.0.0-20200223170610-d5e6a3e2c0ae/go.mod h1:h1NjWce9XRLGQEsW7wpKNCjG9DtNlClVuFLEZdDNbEs=
golang.org/x/text v0.3.0/go.mod h1:NqM8EUOU14njkJ3fqMW+pc6Ldnwhi/IjpwHt7yyuwOQ=
