github.com/BurntSushi/toml v0.3.1/go.mod h1:xHWCNGjB5oqiDr8zfno3MHue2Ht5sIBksp03qcyfWMU=
github.com/aler9/gortsplib/v2 v2.1.0 h1:HKQjFugTGH32FScSXPL2p4SGLpxGBRnyBSzR3GKYG9U=
github.com/aler9/gortsplib/v2 v2.1.0/go.mod h1:jZy239Qg+C9OSvJrPs2vIPalm9/pam1ljFir5DdydnA=
github.com/benbjohnson/clock v1.1.0 h1:Q92kusRqC1XV2MjkWETPvjJVqKetz1OzxZB7mHJLju8=
github.com/chzyer/logex v1.1.10/go.mod h1:+Ywpsq7O8HXn0nuIou7OrIPyXbp3wmkHB+jjWRnGsAI=
github.com/chzyer/readline v0.0.0-20180603132655-2972be24d48e/go.mod h1:nSuG5e5PlCu98SY8svDHJxuZscDgtXS6KTTbou5AhLI=
github.com/chzyer/test v0.0.0-20180213035817-a1ea475d72b1/go.mod h1:Q3SI9o4m/ZMnBNeIyt5eFwwo7qiLfzFZmjNmxjkiQlU=
github.com/cnotch/apirouter v0.0.0-20200731232942-89e243a791f3/go.mod h1:5deJPLON/x/s2dLOQfuKS0lenhOIT4xX0pvtN/OEIuY=
github.com/cnotch/ipchub v1.1.0 h1:hH0lh2mU3AZXPiqMwA0pdtqrwo7PFIMRGush9OobMUs=
github.com/cnotch/ipchub v1.1.0/go.mod h1:2PbeBs2q2VxxTVCn1eYCDwpAWuVXbq1+N0FU7GimOH4=
github.com/cnotch/loader v0.0.0-20200405015128-d9d964d09439/go.mod h1:oWpDagHB6p+Kqqq7RoRZKyC4XAXft50hR8pbTxdbYYs=
github.com/cnotch/queue v0.0.0-20200326024423-6e88bdbf2ad4/go.mod h1:zOssjAlNusOxvtaqT+EMA+Iyi8rrtKr4/XfzN1Fgoeg=
github.com/cnotch/queue v0.0.0-20201224060551-4191569ce8f6/go.mod h1:zOssjAlNusOxvtaqT+EMA+Iyi8rrtKr4/XfzN1Fgoeg=
github.com/cnotch/scheduler v0.0.0-20200522024700-1d2da93eefc5/go.mod h1:F4GE3SZkJZ8an1Y0ZCqvSM3jeozNuKzoC67erG1PhIo=
github.com/cnotch/xlog v0.0.0-20201208005456-cfda439cd3a0/go.mod h1:RW9oHsR79ffl3sR3yMGgxYupMn2btzdtJUwoxFPUE5E=
github.com/davecgh/go-spew v1.1.0/go.mod h1:J7Y8YcW2NihsgmVo/mv3lAwl/skON4iLHjSsI+c5H38=
github.com/davecgh/go-spew v1.1.1 h1:vj9j/u1bqnvCEfJOwUhtlOARqs3+rkHYY13jYWTU97c=
github.com/davecgh/go-spew v1.1.1/go.mod h1:J7Y8YcW2NihsgmVo/mv3lAwl/skON4iLHjSsI+c5H38=
github.com/discoviking/fsm v0.0.0-20150126104936-f4a273feecca h1:cTTdXpkQ1aVbOOmHwdwtYuwUZcQtcMrleD1UXLWhAq8=
github.com/discoviking/fsm v0.0.0-20150126104936-f4a273feecca/go.mod h1:W+3LQaEkN8qAwwcw0KC546sUEnX86GIT8CcMLZC4mG0=
github.com/edgeware/mp4ff v0.30.1 h1:OV88fQrw8sFPjTCFThsBwubjYPHTdHgb28pSd1y9ozk=
github.com/edgeware/mp4ff v0.30.1/go.mod h1:GNUeA6tEFksH2CrjJF2FSGdJolba8yPGmo16qZTXsm8=
github.com/emitter-io/address v1.0.0/go.mod h1:GfZb5+S/o8694B1GMGK2imUYQyn2skszMvGNA5D84Ug=
github.com/fsnotify/fsnotify v1.4.7/go.mod h1:jwhsz4b93w/PPRr/qN1Yymfu8t87LnFCMoQvtojpjFo=
github.com/fsnotify/fsnotify v1.4.9/go.mod h1:znqG4EE+3YCdAaPaxE2ZRY/06pZUdp0tY4IgpuI1SZQ=
github.com/fsnotify/fsnotify v1.6.0 h1:n+5WquG0fcWoWp6xPWfHdbskMCQaFnG6PfBrh1Ky4HY=
github.com/ghettovoice/gosip v0.0.0-20221121090201-9a2ed2233b6d h1:f1JRfm0MwkluwtUsbYxuVReDMajlc9Wn6zc2orX4sRE=
github.com/ghettovoice/gosip v0.0.0-20221121090201-9a2ed2233b6d/go.mod h1:yTr3BEYSFe9As6XM7ldyrVgqsPwlnw8Ahc4N28VFM2g=
github.com/go-ole/go-ole v1.2.6 h1:/Fpf6oFPoeFik9ty7siob0G6Ke8QvQEuVcuChpwXzpY=
github.com/go-ole/go-ole v1.2.6/go.mod h1:pprOEPIfldk/42T2oK7lQ4v4JSDwmV0As9GaiUsvbm0=
github.com/go-task/slim-sprig v0.0.0-20210107165309-348f09dbbbc0 h1:p104kn46Q8WdvHunIJ9dAyjPVtrBPhSr3KT2yUst43I=
github.com/go-task/slim-sprig v0.0.0-20210107165309-348f09dbbbc0/go.mod h1:fyg7847qk6SyHyPtNmDHnmrv/HOrqktSC+C9fM+CJOE=
github.com/go-test/deep v1.0.8 h1:TDsG77qcSprGbC6vTN8OuXp5g+J+b5Pcguhf7Zt61VM=
github.com/go-test/deep v1.0.8/go.mod h1:5C2ZWiW0ErCdrYzpqxLbTX7MG14M9iiw8DgHncVwcsE=
github.com/gobwas/httphead v0.1.0 h1:exrUm0f4YX0L7EBwZHuCF4GDp8aJfVeBrlLQrs6NqWU=
github.com/gobwas/httphead v0.1.0/go.mod h1:O/RXo79gxV8G+RqlR/otEwx4Q36zl9rqC5u12GKvMCM=
github.com/gobwas/pool v0.2.1 h1:xfeeEhW7pwmX8nuLVlqbzVc7udMDrwetjEv+TZIz1og=
github.com/gobwas/pool v0.2.1/go.mod h1:q8bcK0KcYlCgd9e7WYLm9LpyS+YeLd8JVDW6WezmKEw=
github.com/gobwas/ws v1.1.0-rc.1/go.mod h1:nzvNcVha5eUziGrbxFCo6qFIojQHjJV5cLYIbezhfL0=
github.com/gobwas/ws v1.1.0 h1:7RFti/xnNkMJnrK7D1yQ/iCIB5OrrY/54/H930kIbHA=
github.com/gobwas/ws v1.1.0/go.mod h1:nzvNcVha5eUziGrbxFCo6qFIojQHjJV5cLYIbezhfL0=
github.com/golang/mock v1.6.0 h1:ErTB+efbowRARo13NNdxyJji2egdxLGQhRaY+DUumQc=
github.com/golang/mock v1.6.0/go.mod h1:p6yTPP+5HYm5mzsMV8JkE6ZKdX+/wYM6Hr+LicevLPs=
github.com/golang/protobuf v1.2.0/go.mod h1:6lQm79b+lXiMfvg/cZm0SGofjICqVBUtrP5yJMmIC1U=
github.com/golang/protobuf v1.4.0-rc.1/go.mod h1:ceaxUfeHdC40wWswd/P6IGgMaK3YpKi5j83Wpe3EHw8=
github.com/golang/protobuf v1.4.0-rc.1.0.20200221234624-67d41d38c208/go.mod h1:xKAWHe0F5eneWXFV3EuXVDTCmh+JuBKY0li0aMyXATA=
github.com/golang/protobuf v1.4.0-rc.2/go.mod h1:LlEzMj4AhA7rCAGe4KMBDvJI+AwstrUpVNzEA03Pprs=
github.com/golang/protobuf v1.4.0-rc.4.0.20200313231945-b860323f09d0/go.mod h1:WU3c8KckQ9AFe+yFwt9sWVRKCVIyN9cPHBJSNnbL67w=
github.com/golang/protobuf v1.4.0/go.mod h1:jodUvKwWbYaEsadDk5Fwe5c77LiNKVO9IDvqG2KuDX0=
github.com/golang/protobuf v1.4.2/go.mod h1:oDoupMAO8OvCJWAcko0GGGIgR6R6ocIYbsSw735rRwI=
github.com/golang/protobuf v1.5.0/go.mod h1:FsONVRAS9T7sI+LIUmWTfcYkHO4aIWwzhcaSAoJOfIk=
github.com/golang/protobuf v1.5.2 h1:ROPKBNFfQgOUMifHyP+KYbvpjbdoFNs+aK7DXlji0Tw=
github.com/golang/protobuf v1.5.2/go.mod h1:XVQd3VNwM+JqD3oG2Ue2ip4fOMUkwXdXDdiuN0vRsmY=
github.com/google/go-cmp v0.3.0/go.mod h1:8QqcDgzrUqlUb/G2PQTWiueGozuR1884gddMywk6iLU=
github.com/google/go-cmp v0.3.1/go.mod h1:8QqcDgzrUqlUb/G2PQTWiueGozuR1884gddMywk6iLU=
github.com/google/go-cmp v0.4.0/go.mod h1:v8dTdLbMG2kIc/vJvl+f65V22dbkXbowE6jgT/gNBxE=
github.com/google/go-cmp v0.5.5/go.mod h1:v8dTdLbMG2kIc/vJvl+f65V22dbkXbowE6jgT/gNBxE=
github.com/google/go-cmp v0.5.6/go.mod h1:v8dTdLbMG2kIc/vJvl+f65V22dbkXbowE6jgT/gNBxE=
github.com/google/go-cmp v0.5.9 h1:O2Tfq5qg4qc4AmwVlvv0oLiVAGB7enBSJ2x2DqQFi38=
github.com/google/go-cmp v0.5.9/go.mod h1:17dUlkBOakJ0+DkrSSNjCkIjxS6bF9zb3elmeNGIjoY=
github.com/google/pprof v0.0.0-20210407192527-94a9f03dee38 h1:yAJXTCF9TqKcTiHJAE8dj7HMvPfh66eeA2JYW7eFpSE=
github.com/google/pprof v0.0.0-20210407192527-94a9f03dee38/go.mod h1:kpwsk12EmLew5upagYY7GY0pfYCcupk39gWOCRROcvE=
github.com/google/uuid v1.3.0 h1:t6JiXgmwXMjEs8VusXIJk2BXHsn+wx8BZdTaoZ5fu7I=
github.com/google/uuid v1.3.0/go.mod h1:TIyPZe4MgqvfeYDBFedMoGGpEw/LqOeaOT+nhxU+yHo=
github.com/gorilla/websocket v1.4.2/go.mod h1:YR8l580nyteQvAITg2hZ9XVh4b55+EU/adAjf1fMHhE=
github.com/hpcloud/tail v1.0.0/go.mod h1:ab1qPbhIpdTxEkNHXyeSf5vhxWSCs/tWer42PpOxQnU=
github.com/husanpao/ip v0.0.0-20220711082147-73160bb611a8 h1:4Jk58quTZmzJcTrLlbB5L1Q6qXu49EIjCReWxcBFWKo=
github.com/husanpao/ip v0.0.0-20220711082147-73160bb611a8/go.mod h1:medl9/CfYoQlqAXtAARmMW5dAX2UOdwwkhaszYPk0AM=
github.com/ianlancetaylor/demangle v0.0.0-20200824232613-28f6c0f3b639/go.mod h1:aSSvb/t6k1mPoxDqO4vJh6VOCGPwU4O0C2/Eqndh1Sc=
github.com/kelindar/process v0.0.0-20170730150328-69a29e249ec3/go.mod h1:+lTCLnZFXOkqwD8sLPl6u4erAc0cP8wFegQHfipz7KE=
github.com/kelindar/rate v1.0.0/go.mod h1:AjT4G+hTItNwt30lucEGZIz8y7Uk5zPho6vurIZ+1Es=
github.com/kelindar/tcp v1.0.0/go.mod h1:JB5hj1cshLU60XrLij2BBxW3JQ4hOye8vqbyvuKb52k=
github.com/konsorten/go-windows-terminal-sequences v1.0.1/go.mod h1:T0+1ngSBFLxvqU3pZ+m/2kptfBszLMUkC4ZK/EgS/cQ=
github.com/konsorten/go-windows-terminal-sequences v1.0.2/go.mod h1:T0+1ngSBFLxvqU3pZ+m/2kptfBszLMUkC4ZK/EgS/cQ=
github.com/kr/pretty v0.1.0/go.mod h1:dAy3ld7l9f0ibDNOQOHHMYYIIbhfbHSm3C4ZsoJORNo=
github.com/kr/pty v1.1.1/go.mod h1:pFQYn66WHrOpPYNljwOMqo10TkYh1fy3cYio2l3bCsQ=
github.com/kr/text v0.1.0/go.mod h1:4Jbv+DJW3UT/LiOwJeYQe1efqtUx/iVham/4vfdArNI=
github.com/kr/text v0.2.0 h1:5Nx0Ya0ZqY2ygV366QzturHI13Jq95ApcVaJBhpS+AY=
github.com/logrusorgru/aurora v2.0.3+incompatible h1:tOpm7WcpBTn4fjmVfgpQq0EfczGlG91VSDkswnjF5A8=
github.com/logrusorgru/aurora v2.0.3+incompatible/go.mod h1:7rIyQOR62GCctdiQpZ/zOJlFyk6y+94wXzv6RNZgaR4=
github.com/lufia/plan9stats v0.0.0-20211012122336-39d0f177ccd0/go.mod h1:zJYVVT2jmtg6P3p1VtQj7WsuWi/y4VnjVBn7F8KPB3I=
github.com/lufia/plan9stats v0.0.0-20220913051719-115f729f3c8c h1:VtwQ41oftZwlMnOEbMWQtSEUgU64U4s+GHk7hZK+jtY=
github.com/lufia/plan9stats v0.0.0-20220913051719-115f729f3c8c/go.mod h1:JKx41uQRwqlTZabZc+kILPrO/3jlKnQ2Z8b7YiVw5cE=
github.com/marten-seemann/qpack v0.3.0 h1:UiWstOgT8+znlkDPOg2+3rIuYXJ2CnGDkGUXN6ki6hE=
github.com/marten-seemann/qpack v0.3.0/go.mod h1:cGfKPBiP4a9EQdxCwEwI/GEeWAsjSekBvx/X8mh58+g=
github.com/mattn/go-colorable v0.1.4/go.mod h1:U0ppj6V5qS13XJ6of8GYAs25YV2eR4EVcfRqFIhoBtE=
github.com/mattn/go-colorable v0.1.13 h1:fFA4WZxdEF4tXPZVKMLwD8oUnCTTo08duU7wxecdEvA=
github.com/mattn/go-colorable v0.1.13/go.mod h1:7S9/ev0klgBDR4GtXTXX8a3vIGJpMovkB8vQcUbaXHg=
github.com/mattn/go-isatty v0.0.8/go.mod h1:Iq45c/XA43vh69/j3iqttzPXn0bhXyGjM0Hdxcsrc5s=
github.com/mattn/go-isatty v0.0.16 h1:bq3VjFmv/sOjHtdEhmkEV4x1AJtvUvOJ2PFAZ5+peKQ=
github.com/mattn/go-isatty v0.0.16/go.mod h1:kYGgaQfpe5nmfYZH+SKPsOc2e4SrIfOl2e/yFXSvRLM=
github.com/mcuadros/go-defaults v1.2.0 h1:FODb8WSf0uGaY8elWJAkoLL0Ri6AlZ1bFlenk56oZtc=
github.com/mcuadros/go-defaults v1.2.0/go.mod h1:WEZtHEVIGYVDqkKSWBdWKUVdRyKlMfulPaGDWIVeCWY=
github.com/mgutz/ansi v0.0.0-20170206155736-9520e82c474b/go.mod h1:01TrycV0kFyexm33Z7vhZRXopbI8J3TDReVlkTgMUxE=
github.com/mgutz/ansi v0.0.0-20200706080929-d51e80ef957d h1:5PJl274Y63IEHC+7izoQE9x6ikvDFZS2mDVS3drnohI=
github.com/mgutz/ansi v0.0.0-20200706080929-d51e80ef957d/go.mod h1:01TrycV0kFyexm33Z7vhZRXopbI8J3TDReVlkTgMUxE=
github.com/niemeyer/pretty v0.0.0-20200227124842-a10e7caefd8e h1:fD57ERR4JtEqsWbfPhv4DMiApHyliiK5xCTNVSPiaAs=
github.com/niemeyer/pretty v0.0.0-20200227124842-a10e7caefd8e/go.mod h1:zD1mROLANZcx1PVRCS0qkT7pwLkGfwJo4zjcN/Tysno=
github.com/nxadm/tail v1.4.4/go.mod h1:kenIhsEOeOJmVchQTgglprH7qJGnHDVpk1VPCcaMI8A=
github.com/nxadm/tail v1.4.5/go.mod h1:kenIhsEOeOJmVchQTgglprH7qJGnHDVpk1VPCcaMI8A=
github.com/nxadm/tail v1.4.8 h1:nPr65rt6Y5JFSKQO7qToXr7pePgD6Gwiw05lkbyAQTE=
github.com/nxadm/tail v1.4.8/go.mod h1:+ncqLTQzXmGhMZNUePPaPqPvBxHAIsmXswZKocGu+AU=
github.com/onsi/ginkgo v1.6.0/go.mod h1:lLunBs/Ym6LB5Z9jYTR76FiuTmxDTDusOGeTQH+WWjE=
github.com/onsi/ginkgo v1.7.0/go.mod h1:lLunBs/Ym6LB5Z9jYTR76FiuTmxDTDusOGeTQH+WWjE=
github.com/onsi/ginkgo v1.12.1/go.mod h1:zj2OWP4+oCPe1qIXoGWkgMRwljMUYCdkwsT2108oapk=
github.com/onsi/ginkgo v1.14.2/go.mod h1:iSB4RoI2tjJc9BBv4NKIKWKya62Rps+oPG/Lv9klQyY=
github.com/onsi/ginkgo v1.16.4/go.mod h1:dX+/inL/fNMqNlz0e9LfyB9TswhZpCVdJM/Z6Vvnwo0=
github.com/onsi/ginkgo v1.16.5 h1:8xi0RTUf59SOSfEtZMvwTvXYMzG4gV23XVHOZiXNtnE=
github.com/onsi/ginkgo v1.16.5/go.mod h1:+E8gABHa3K6zRBolWtd+ROzc/U5bkGt0FwiG042wbpU=
github.com/onsi/ginkgo/v2 v2.2.0 h1:3ZNA3L1c5FYDFTTxbFeVGGD8jYvjYauHD30YgLxVsNI=
github.com/onsi/ginkgo/v2 v2.2.0/go.mod h1:MEH45j8TBi6u9BMogfbp0stKC5cdGjumZj5Y7AG4VIk=
github.com/onsi/gomega v1.4.3/go.mod h1:ex+gbHU/CVuBBDIJjb2X0qEXbFg53c61hWP/1CpauHY=
github.com/onsi/gomega v1.7.1/go.mod h1:XdKZgCCFLUoM/7CFJVPcG8C1xQ1AJ0vpAezJrB7JYyY=
github.com/onsi/gomega v1.10.1/go.mod h1:iN09h71vgCQne3DLsj+A5owkum+a2tYe+TOCB1ybHNo=
github.com/onsi/gomega v1.10.4/go.mod h1:g/HbgYopi++010VEqkFgJHKC09uJiW9UkXvMUuKHUCQ=
github.com/onsi/gomega v1.17.0/go.mod h1:HnhC7FXeEQY45zxNK3PPoIUhzk/80Xly9PcubAlGdZY=
github.com/onsi/gomega v1.20.1 h1:PA/3qinGoukvymdIDV8pii6tiZgC8kbmJO6Z5+b002Q=
github.com/pion/datachannel v1.5.5 h1:10ef4kwdjije+M9d7Xm9im2Y3O6A6ccQb0zcqZcJew8=
github.com/pion/datachannel v1.5.5/go.mod h1:iMz+lECmfdCMqFRhXhcA/219B0SQlbpoR2V118yimL0=
github.com/pion/dtls/v2 v2.2.6 h1:yXMxKr0Skd+Ub6A8UqXTRLSywskx93ooMRHsQUtd+Z4=
github.com/pion/dtls/v2 v2.2.6/go.mod h1:t8fWJCIquY5rlQZwA2yWxUS1+OCrAdXrhVKXB5oD/wY=
github.com/pion/ice/v2 v2.3.1 h1:FQCmUfZe2Jpe7LYStVBOP6z1DiSzbIateih3TztgTjc=
github.com/pion/ice/v2 v2.3.1/go.mod h1:aq2kc6MtYNcn4XmMhobAv6hTNJiHzvD0yXRz80+bnP8=
github.com/pion/interceptor v0.1.12 h1:CslaNriCFUItiXS5o+hh5lpL0t0ytQkFnUcbbCs2Zq8=
github.com/pion/interceptor v0.1.12/go.mod h1:bDtgAD9dRkBZpWHGKaoKb42FhDHTG2rX8Ii9LRALLVA=
github.com/pion/logging v0.2.2 h1:M9+AIj/+pxNsDfAT64+MAVgJO0rsyLnoJKCqf//DoeY=
github.com/pion/logging v0.2.2/go.mod h1:k0/tDVsRCX2Mb2ZEmTqNa7CWsQPc+YYCB7Q+5pahoms=
github.com/pion/mdns v0.0.7 h1:P0UB4Sr6xDWEox0kTVxF0LmQihtCbSAdW0H2nEgkA3U=
github.com/pion/mdns v0.0.7/go.mod h1:4iP2UbeFhLI/vWju/bw6ZfwjJzk0z8DNValjGxR/dD8=
github.com/pion/randutil v0.1.0 h1:CFG1UdESneORglEsnimhUjf33Rwjubwj6xfiOXBa3mA=
github.com/pion/randutil v0.1.0/go.mod h1:XcJrSMMbbMRhASFVOlj/5hQial/Y8oH/HVo7TBZq+j8=
github.com/pion/rtcp v1.2.10 h1:nkr3uj+8Sp97zyItdN60tE/S6vk4al5CPRR6Gejsdjc=
github.com/pion/rtcp v1.2.10/go.mod h1:ztfEwXZNLGyF1oQDttz/ZKIBaeeg/oWbRYqzBM9TL1I=
github.com/pion/rtp v1.6.2/go.mod h1:bDb5n+BFZxXx0Ea7E5qe+klMuqiBrP+w8XSjiWtCUko=
github.com/pion/rtp v1.7.13 h1:qcHwlmtiI50t1XivvoawdCGTP4Uiypzfrsap+bijcoA=
github.com/pion/rtp v1.7.13/go.mod h1:bDb5n+BFZxXx0Ea7E5qe+klMuqiBrP+w8XSjiWtCUko=
github.com/pion/rtp/v2 v2.0.0-20220302185659-b3d10fc096b0 h1:zyOGxHutZ6IhksQSMtwf3OFXB29W5R18yFQWOQJYWjU=
github.com/pion/rtp/v2 v2.0.0-20220302185659-b3d10fc096b0/go.mod h1:Vj+rrFbJCT3yxqE/VSwaOo9DQ2pMKGPxuE7hplGOlOs=
github.com/pion/sctp v1.8.5/go.mod h1:SUFFfDpViyKejTAdwD1d/HQsCu+V/40cCs2nZIvC3s0=
github.com/pion/sctp v1.8.6 h1:CUex11Vkt9YS++VhLf8b55O3VqKrWL6W3SDwX4jAqsI=
github.com/pion/sctp v1.8.6/go.mod h1:SUFFfDpViyKejTAdwD1d/HQsCu+V/40cCs2nZIvC3s0=
github.com/pion/sdp/v3 v3.0.6 h1:WuDLhtuFUUVpTfus9ILC4HRyHsW6TdugjEX/QY9OiUw=
github.com/pion/sdp/v3 v3.0.6/go.mod h1:iiFWFpQO8Fy3S5ldclBkpXqmWy02ns78NOKoLLL0YQw=
github.com/pion/srtp/v2 v2.0.12 h1:WrmiVCubGMOAObBU1vwWjG0H3VSyQHawKeer2PVA5rY=
github.com/pion/srtp/v2 v2.0.12/go.mod h1:C3Ep44hlOo2qEYaq4ddsmK5dL63eLehXFbHaZ9F5V9Y=
github.com/pion/stun v0.4.0 h1:vgRrbBE2htWHy7l3Zsxckk7rkjnjOsSM7PHZnBwo8rk=
github.com/pion/stun v0.4.0/go.mod h1:QPsh1/SbXASntw3zkkrIk3ZJVKz4saBY2G7S10P3wCw=
github.com/pion/transport v0.14.1 h1:XSM6olwW+o8J4SCmOBb/BpwZypkHeyM0PGFCxNQBr40=
github.com/pion/transport v0.14.1/go.mod h1:4tGmbk00NeYA3rUa9+n+dzCCoKkcy3YlYb99Jn2fNnI=
github.com/pion/transport/v2 v2.0.0/go.mod h1:HS2MEBJTwD+1ZI2eSXSvHJx/HnzQqRy2/LXxt6eVMHc=
github.com/pion/transport/v2 v2.0.2 h1:St+8o+1PEzPT51O9bv+tH/KYYLMNR5Vwm5Z3Qkjsywg=
github.com/pion/transport/v2 v2.0.2/go.mod h1:vrz6bUbFr/cjdwbnxq8OdDDzHf7JJfGsIRkxfpZoTA0=
github.com/pion/turn/v2 v2.1.0 h1:5wGHSgGhJhP/RpabkUb/T9PdsAjkGLS6toYz5HNzoSI=
github.com/pion/turn/v2 v2.1.0/go.mod h1:yrT5XbXSGX1VFSF31A3c1kCNB5bBZgk/uu5LET162qs=
github.com/pion/udp/v2 v2.0.1 h1:xP0z6WNux1zWEjhC7onRA3EwwSliXqu1ElUZAQhUP54=
github.com/pion/udp/v2 v2.0.1/go.mod h1:B7uvTMP00lzWdyMr/1PVZXtV3wpPIxBRd4Wl6AksXn8=
github.com/pion/webrtc/v3 v3.1.56 h1:ScaiqKQN3liQwT+kJwOBaYP6TwSfixzdUnZmzHAo0a0=
github.com/pion/webrtc/v3 v3.1.56/go.mod h1:7VhbA6ihqJlz6R/INHjyh1b8HpiV9Ct4UQvE1OB/xoM=
github.com/pixelbender/go-sdp v1.1.0/go.mod h1:6IBlz9+BrUHoFTea7gcp4S54khtOhjCW/nVDLhmZBAs=
github.com/pkg/errors v0.9.1 h1:FEBLx1zS214owpjy7qsBeixbURkuhQAwrK5UwLGTwt4=
github.com/pmezard/go-difflib v1.0.0 h1:4DBwDE0NGyQoBHbLQYPwSUPoCMWR5BEzIk/f1lZbAQM=
github.com/pmezard/go-difflib v1.0.0/go.mod h1:iKH77koFhYxTK1pcRnkKkqfTogsbg7gZNVY4sRDYZ/4=
github.com/power-devops/perfstat v0.0.0-20210106213030-5aafc221ea8c/go.mod h1:OmDBASR4679mdNQnz2pUhc2G8CO2JrUAVFDRBDP/hJE=
github.com/power-devops/perfstat v0.0.0-20220216144756-c35f1ee13d7c h1:NRoLoZvkBTKvR5gQLgA3e0hqjkY9u1wm+iOL45VN/qI=
github.com/power-devops/perfstat v0.0.0-20220216144756-c35f1ee13d7c/go.mod h1:OmDBASR4679mdNQnz2pUhc2G8CO2JrUAVFDRBDP/hJE=
github.com/q191201771/naza v0.30.8 h1:Lhh29o65C4PmTDj2l+eKfsw9dddpgWZk4bFICtcnSaA=
github.com/q191201771/naza v0.30.8/go.mod h1:n+dpJjQSh90PxBwxBNuifOwQttywvSIN5TkWSSYCeBk=
github.com/quangngotan95/go-m3u8 v0.1.0 h1:8oseBjJn5IKHQKdRZwSNskkua3NLrRtlvXXtoVgBzMk=
github.com/quangngotan95/go-m3u8 v0.1.0/go.mod h1:smzfWHlYpBATVNu1GapKLYiCtEo5JxridIgvvudZ+Wc=
github.com/quic-go/qpack v0.4.0 h1:Cr9BXA1sQS2SmDUWjSofMPNKmvF6IiIfDRmgU0w1ZCo=
github.com/quic-go/qpack v0.4.0/go.mod h1:UZVnYIfi5GRk+zI9UMaCPsmZ2xKJP7XBUvVyT1Knj9A=
github.com/quic-go/qtls-go1-18 v0.2.0 h1:5ViXqBZ90wpUcZS0ge79rf029yx0dYB0McyPJwqqj7U=
github.com/quic-go/qtls-go1-18 v0.2.0/go.mod h1:moGulGHK7o6O8lSPSZNoOwcLvJKJ85vVNc7oJFD65bc=
github.com/quic-go/qtls-go1-19 v0.2.0 h1:Cvn2WdhyViFUHoOqK52i51k4nDX8EwIh5VJiVM4nttk=
github.com/quic-go/qtls-go1-19 v0.2.0/go.mod h1:ySOI96ew8lnoKPtSqx2BlI5wCpUVPT05RMAlajtnyOI=
github.com/quic-go/qtls-go1-20 v0.1.0 h1:d1PK3ErFy9t7zxKsG3NXBJXZjp/kMLoIb3y/kV54oAI=
github.com/quic-go/qtls-go1-20 v0.1.0/go.mod h1:JKtK6mjbAVcUTN/9jZpvLbGxvdWIKS8uT7EiStoU1SM=
github.com/quic-go/quic-go v0.32.0 h1:lY02md31s1JgPiiyfqJijpu/UX/Iun304FI3yUqX7tA=
github.com/quic-go/quic-go v0.32.0/go.mod h1:/fCsKANhQIeD5l76c2JFU+07gVE3KaA0FP+0zMWwfwo=
github.com/satori/go.uuid v1.2.1-0.20181028125025-b2ce2384e17b h1:gQZ0qzfKHQIybLANtM3mBXNUtOfsCFXeTsnBqCsx1KM=
github.com/satori/go.uuid v1.2.1-0.20181028125025-b2ce2384e17b/go.mod h1:dA0hQrYB0VpLJoorglMZABFdXlWrHn1NEOzdhQKdks0=
github.com/sclevine/agouti v3.0.0+incompatible/go.mod h1:b4WX9W9L1sfQKXeJf1mUTLZKJ48R1S7H23Ji7oFO5Bw=
github.com/shirou/gopsutil/v3 v3.22.10 h1:4KMHdfBRYXGF9skjDWiL4RA2N+E8dRdodU/bOZpPoVg=
github.com/shirou/gopsutil/v3 v3.22.10/go.mod h1:QNza6r4YQoydyCfo6rH0blGfKahgibh4dQmV5xdFkQk=
github.com/sirupsen/logrus v1.4.2/go.mod h1:tLMulIdttU9McNUspp0xgXVQah82FyeX6MwdIuYE2rE=
github.com/sirupsen/logrus v1.9.0 h1:trlNQbNUG3OdDrDil03MCb1H2o9nJ1x4/5LYw7byDE0=
github.com/sirupsen/logrus v1.9.0/go.mod h1:naHLuLoDiP4jHNo9R0sCBMtWGeIprob74mVsIT4qYEQ=
github.com/sqs/goreturns v0.0.0-20181028201513-538ac6014518/go.mod h1:CKI4AZ4XmGV240rTHfO0hfE83S6/a3/Q1siZJ/vXf7A=
github.com/stretchr/objx v0.1.0/go.mod h1:HFkY916IF+rwdDfMAkV7OtwuqBVzrE8GR6GFx+wExME=
github.com/stretchr/objx v0.1.1/go.mod h1:HFkY916IF+rwdDfMAkV7OtwuqBVzrE8GR6GFx+wExME=
github.com/stretchr/objx v0.4.0/go.mod h1:YvHI0jy2hoMjB+UWwv71VJQ9isScKT/TqJzVSSt89Yw=
github.com/stretchr/objx v0.5.0/go.mod h1:Yh+to48EsGEfYuaHDzXPcE3xhTkx73EhmCGUpEOglKo=
github.com/stretchr/testify v1.2.2/go.mod h1:a8OnRcib4nhh0OaRAV+Yts87kKdq0PP7pXfy6kDkUVs=
github.com/stretchr/testify v1.3.0/go.mod h1:M5WIy9Dh21IEIfnGCwXGc5bZfKNJtfHm1UVUgZn+9EI=
github.com/stretchr/testify v1.5.1/go.mod h1:5W2xD1RspED5o8YsWQXVCued0rvSQ+mT+I5cxcmMvtA=
github.com/stretchr/testify v1.6.1/go.mod h1:6Fq8oRcR53rry900zMqJjRRixrwX3KX962/h/Wwjteg=
github.com/stretchr/testify v1.7.0/go.mod h1:6Fq8oRcR53rry900zMqJjRRixrwX3KX962/h/Wwjteg=
github.com/stretchr/testify v1.7.1/go.mod h1:6Fq8oRcR53rry900zMqJjRRixrwX3KX962/h/Wwjteg=
github.com/stretchr/testify v1.8.0/go.mod h1:yNjHg4UonilssWZ8iaSj1OCr/vHnekPRkoO+kdMU+MU=
github.com/stretchr/testify v1.8.1 h1:w7B6lhMri9wdJUVmEZPGGhZzrYTPvgJArz7wNPgYKsk=
github.com/stretchr/testify v1.8.1/go.mod h1:w2LPCIKwWwSfY2zedu0+kehJoqGctiVI29o6fzry7u4=
github.com/tevino/abool v0.0.0-20170917061928-9b9efcf221b5/go.mod h1:f1SCnEOt6sc3fOJfPQDRDzHOtSXuTtnz0ImG9kPRDV0=
github.com/tevino/abool v1.2.0 h1:heAkClL8H6w+mK5md9dzsuohKeXHUpY7Vw0ZCKW+huA=
github.com/tevino/abool v1.2.0/go.mod h1:qc66Pna1RiIsPa7O4Egxxs9OqkuxDX55zznh9K07Tzg=
github.com/tklauser/go-sysconf v0.3.10/go.mod h1:C8XykCvCb+Gn0oNCWPIlcb0RuglQTYaQ2hGm7jmxEFk=
github.com/tklauser/go-sysconf v0.3.11 h1:89WgdJhk5SNwJfu+GKyYveZ4IaJ7xAkecBo+KdJV0CM=
github.com/tklauser/go-sysconf v0.3.11/go.mod h1:GqXfhXY3kiPa0nAXPDIQIWzJbMCB7AmcWpGR8lSZfqI=
github.com/tklauser/numcpus v0.4.0/go.mod h1:1+UI3pD8NW14VMwdgJNJ1ESk2UnwhAnz5hMwiKKqXCQ=
github.com/tklauser/numcpus v0.6.0 h1:kebhY2Qt+3U6RNK7UqpYNA+tJ23IBEGKkB7JQBfDYms=
github.com/tklauser/numcpus v0.6.0/go.mod h1:FEZLMke0lhOUG6w2JadTzp0a+Nl8PF/GFkQ5UVIcaL4=
github.com/x-cray/logrus-prefixed-formatter v0.5.2 h1:00txxvfBM9muc0jiLIEAkAcIMJzfthRT6usrui8uGmg=
github.com/x-cray/logrus-prefixed-formatter v0.5.2/go.mod h1:2duySbKsL6M18s5GU7VPsoEPHyzalCE06qoARUCeBBE=
github.com/yapingcat/gomedia v0.0.0-20230222121919-c67df405bf33 h1:uyZY++dluUg7iTSsNzuOVln/mC2U2KXwgKLfKLCJ74Y=
github.com/yapingcat/gomedia v0.0.0-20230222121919-c67df405bf33/go.mod h1:WSZ59bidJOO40JSJmLqlkBJrjZCtjbKKkygEMfzY/kc=
github.com/yuin/goldmark v1.2.1/go.mod h1:3hX8gzYuyVAZsxl0MRgGTJEmQBFcNTphYh9decYSb74=
github.com/yuin/goldmark v1.3.5/go.mod h1:mwnBkeHKe2W/ZEtQ+71ViKU8L12m81fl3OWwC1Zlc8k=
github.com/yuin/goldmark v1.4.13/go.mod h1:6yULJ656Px+3vBD8DxQVa3kxgyrAnzto9xy5taEt/CY=
github.com/yusufpapurcu/wmi v1.2.2 h1:KBNDSne4vP5mbSWnJbO+51IMOXJB67QiYCSBrubbPRg=
github.com/yusufpapurcu/wmi v1.2.2/go.mod h1:SBZ9tNy3G9/m5Oi98Zks0QjeHVDvuK0qfxQmPyzfmi0=
go.uber.org/atomic v1.7.0/go.mod h1:fEN4uk6kAWBTFdckzkM89CLk9XfWZrxpCo0nPH17wJc=
go.uber.org/atomic v1.10.0 h1:9qC72Qh0+3MqyJbAn8YU5xVq1frD8bn3JtD2oXtafVQ=
go.uber.org/atomic v1.10.0/go.mod h1:LUxbIzbOniOlMKjJjyPfpl4v+PKK2cNJn91OQbhoJI0=
go.uber.org/goleak v1.1.11 h1:wy28qYRKZgnJTxGxvye5/wgWr1EKjmUDGYox5mGlRlI=
go.uber.org/multierr v1.8.0 h1:dg6GjLku4EH+249NNmoIciG9N/jURbDG+pFlTkhzIC8=
go.uber.org/multierr v1.8.0/go.mod h1:7EAYxJLBy9rStEaz58O2t4Uvip6FSURkq8/ppBp95ak=
go.uber.org/zap v1.24.0 h1:FiJd5l1UOLj0wCgbSE0rwwXHzEdAZS6hiiSnxJN/D60=
go.uber.org/zap v1.24.0/go.mod h1:2kMP+WWQ8aoFoedH3T2sq6iJ2yDWpHbP0f6MQbS9Gkg=
golang.org/x/crypto v0.0.0-20190308221718-c2843e01d9a2/go.mod h1:djNgcEr1/C05ACkg1iLfiJU5Ep61QUkGW8qpdssI0+w=
golang.org/x/crypto v0.0.0-20191011191535-87dc89f01550/go.mod h1:yigFU9vqHzYiE8UmvKecakEJjdnWj3jj499lnFckfCI=
golang.org/x/crypto v0.0.0-20200622213623-75b288015ac9/go.mod h1:LzIPMQfyMNhhGPhUkYOs5KpL4U8rLKemX1yGLhDgUto=
golang.org/x/crypto v0.0.0-20201221181555-eec23a3978ad/go.mod h1:jdWPYTVW3xRLrWPugEBEK3UY2ZEsg3UU495nc5E+M+I=
golang.org/x/crypto v0.0.0-20210921155107-089bfa567519/go.mod h1:GvvjBRRGRdwPK5ydBHafDWAxML/pGHZbMvKqRZ5+Abc=
golang.org/x/crypto v0.5.0/go.mod h1:NK/OQwhpMQP3MwtdjgLlYHnH9ebylxKWv3e0fK+mkQU=
golang.org/x/crypto v0.6.0 h1:qfktjS5LUO+fFKeJXZ+ikTRijMmljikvG68fpMMruSc=
golang.org/x/crypto v0.6.0/go.mod h1:OFC/31mSvZgRz0V1QTNCzfAI1aIRzbiufJtkMIlEp58=
golang.org/x/exp v0.0.0-20221205204356-47842c84f3db h1:D/cFflL63o2KSLJIwjlcIt8PR064j/xsmdEJL/YvY/o=
golang.org/x/exp v0.0.0-20221205204356-47842c84f3db/go.mod h1:CxIveKay+FTh1D0yPZemJVgC/95VzuuOLq5Qi4xnoYc=
golang.org/x/mod v0.3.0/go.mod h1:s0Qsj1ACt9ePp/hMypM3fl4fZqREWJwdYDEqhRiZZUA=
golang.org/x/mod v0.4.2/go.mod h1:s0Qsj1ACt9ePp/hMypM3fl4fZqREWJwdYDEqhRiZZUA=
golang.org/x/mod v0.6.0-dev.0.20220419223038-86c51ed26bb4/go.mod h1:jJ57K6gSWd91VN4djpZkiMVwK6gcyfeH4XE8wZrZaV4=
golang.org/x/mod v0.7.0 h1:LapD9S96VoQRhi/GrNTqeBJFrUjs5UHCAtTlgwA5oZA=
golang.org/x/mod v0.7.0/go.mod h1:iBbtSCu2XBx23ZKBPSOrRkjjQPZFPuis4dIYUhu/chs=
golang.org/x/net v0.0.0-20180906233101-161cd47e91fd/go.mod h1:mL1N/T3taQHkDXs73rZJwtUhF3w3ftmwwsq0BUmARs4=
golang.org/x/net v0.0.0-20190404232315-eb5bcb51f2a3/go.mod h1:t9HGtf8HONx5eT2rtn7q6eTqICYqUVnKs3thJo3Qplg=
golang.org/x/net v0.0.0-20190620200207-3b0461eec859/go.mod h1:z5CRVTTTmAJ677TzLLGU+0bjPO0LkuOLi4/5GtJWs/s=
golang.org/x/net v0.0.0-20200520004742-59133d7f0dd7/go.mod h1:qpuaurCH72eLCgpAm/N6yyVIVM9cpaDIP3A8BGJEC5A=
golang.org/x/net v0.0.0-20201021035429-f5854403a974/go.mod h1:sp8m0HH+o8qH0wwXwYZr8TS3Oi6o0r6Gce1SSxlDquU=
golang.org/x/net v0.0.0-20201202161906-c7110b5ffcbb/go.mod h1:sp8m0HH+o8qH0wwXwYZr8TS3Oi6o0r6Gce1SSxlDquU=
golang.org/x/net v0.0.0-20210226172049-e18ecbb05110/go.mod h1:m0MpNAwzfU5UDzcl9v0D8zg8gWTRqZa9RBIspLL5mdg=
golang.org/x/net v0.0.0-20210405180319-a5a99cb37ef4/go.mod h1:p54w0d4576C0XHj96bSt6lcn1PtDYWL6XObtHCRCNQM=
golang.org/x/net v0.0.0-20210428140749-89ef3d95e781/go.mod h1:OJAsFXCWl8Ukc7SiCT/9KSuxbyM7479/AVlXFRxuMCk=
golang.org/x/net v0.0.0-20220722155237-a158d28d115b/go.mod h1:XRhObCWvk6IyKnWLug+ECip1KBveYUHfp+8e9klMJ9c=
golang.org/x/net v0.1.0/go.mod h1:Cx3nUiGt4eDBEyega/BKRp+/AlGL8hYe7U9odMt2Cco=
golang.org/x/net v0.5.0/go.mod h1:DivGGAXEgPSlEBzxGzZI+ZLohi+xUj054jfeKui00ws=
golang.org/x/net v0.6.0/go.mod h1:2Tu9+aMcznHK/AK1HMvgo6xiTLG5rD5rZLDS+rp2Bjs=
golang.org/x/net v0.7.0 h1:rJrUqqhjsgNp7KqAIc25s9pZnjU7TUcSY7HcVZjdn1g=
golang.org/x/net v0.7.0/go.mod h1:2Tu9+aMcznHK/AK1HMvgo6xiTLG5rD5rZLDS+rp2Bjs=
golang.org/x/sync v0.0.0-20180314180146-1d60e4601c6f/go.mod h1:RxMgew5VJxzue5/jJTE5uejpjVlOe/izrB70Jof72aM=
golang.org/x/sync v0.0.0-20190423024810-112230192c58/go.mod h1:RxMgew5VJxzue5/jJTE5uejpjVlOe/izrB70Jof72aM=
golang.org/x/sync v0.0.0-20201020160332-67f06af15bc9/go.mod h1:RxMgew5VJxzue5/jJTE5uejpjVlOe/izrB70Jof72aM=
golang.org/x/sync v0.0.0-20210220032951-036812b2e83c/go.mod h1:RxMgew5VJxzue5/jJTE5uejpjVlOe/izrB70Jof72aM=
golang.org/x/sync v0.0.0-20220722155255-886fb9371eb4/go.mod h1:RxMgew5VJxzue5/jJTE5uejpjVlOe/izrB70Jof72aM=
golang.org/x/sync v0.1.0 h1:wsuoTGHzEhffawBOhz5CYhcrV4IdKZbEyZjBMuTp12o=
golang.org/x/sync v0.1.0/go.mod h1:RxMgew5VJxzue5/jJTE5uejpjVlOe/izrB70Jof72aM=
golang.org/x/sys v0.0.0-20180909124046-d0be0721c37e/go.mod h1:STP8DvDyc/dI5b8T5hshtkjS+E42TnysNCUPdjciGhY=
golang.org/x/sys v0.0.0-20190215142949-d0b11bdaac8a/go.mod h1:STP8DvDyc/dI5b8T5hshtkjS+E42TnysNCUPdjciGhY=
golang.org/x/sys v0.0.0-20190222072716-a9d3bda3a223/go.mod h1:STP8DvDyc/dI5b8T5hshtkjS+E42TnysNCUPdjciGhY=
golang.org/x/sys v0.0.0-20190412213103-97732733099d/go.mod h1:h1NjWce9XRLGQEsW7wpKNCjG9DtNlClVuFLEZdDNbEs=
golang.org/x/sys v0.0.0-20190422165155-953cdadca894/go.mod h1:h1NjWce9XRLGQEsW7wpKNCjG9DtNlClVuFLEZdDNbEs=
golang.org/x/sys v0.0.0-20190904154756-749cb33beabd/go.mod h1:h1NjWce9XRLGQEsW7wpKNCjG9DtNlClVuFLEZdDNbEs=
golang.org/x/sys v0.0.0-20190916202348-b4ddaad3f8a3/go.mod h1:h1NjWce9XRLGQEsW7wpKNCjG9DtNlClVuFLEZdDNbEs=
golang.org/x/sys v0.0.0-20191005200804-aed5e4c7ecf9/go.mod h1:h1NjWce9XRLGQEsW7wpKNCjG9DtNlClVuFLEZdDNbEs=
golang.org/x/sys v0.0.0-20191026070338-33540a1f6037/go.mod h1:h1NjWce9XRLGQEsW7wpKNCjG9DtNlClVuFLEZdDNbEs=
golang.org/x/sys v0.0.0-20191120155948-bd437916bb0e/go.mod h1:h1NjWce9XRLGQEsW7wpKNCjG9DtNlClVuFLEZdDNbEs=
golang.org/x/sys v0.0.0-20191204072324-ce4227a45e2e/go.mod h1:h1NjWce9XRLGQEsW7wpKNCjG9DtNlClVuFLEZdDNbEs=
golang.org/x/sys v0.0.0-20200323222414-85ca7c5b95cd/go.mod h1:h1NjWce9XRLGQEsW7wpKNCjG9DtNlClVuFLEZdDNbEs=
golang.org/x/sys v0.0.0-20200519105757-fe76b779f299/go.mod h1:h1NjWce9XRLGQEsW7wpKNCjG9DtNlClVuFLEZdDNbEs=
golang.org/x/sys v0.0.0-20200930185726-fdedc70b468f/go.mod h1:h1NjWce9XRLGQEsW7wpKNCjG9DtNlClVuFLEZdDNbEs=
golang.org/x/sys v0.0.0-20201119102817-f84b799fce68/go.mod h1:h1NjWce9XRLGQEsW7wpKNCjG9DtNlClVuFLEZdDNbEs=
golang.org/x/sys v0.0.0-20201204225414-ed752295db88/go.mod h1:h1NjWce9XRLGQEsW7wpKNCjG9DtNlClVuFLEZdDNbEs=
golang.org/x/sys v0.0.0-20201207223542-d4d67f95c62d/go.mod h1:h1NjWce9XRLGQEsW7wpKNCjG9DtNlClVuFLEZdDNbEs=
golang.org/x/sys v0.0.0-20201214095126-aec9a390925b/go.mod h1:h1NjWce9XRLGQEsW7wpKNCjG9DtNlClVuFLEZdDNbEs=
golang.org/x/sys v0.0.0-20210112080510-489259a85091/go.mod h1:h1NjWce9XRLGQEsW7wpKNCjG9DtNlClVuFLEZdDNbEs=
golang.org/x/sys v0.0.0-20210330210617-4fbd30eecc44/go.mod h1:h1NjWce9XRLGQEsW7wpKNCjG9DtNlClVuFLEZdDNbEs=
golang.org/x/sys v0.0.0-20210423082822-04245dca01da/go.mod h1:h1NjWce9XRLGQEsW7wpKNCjG9DtNlClVuFLEZdDNbEs=
golang.org/x/sys v0.0.0-20210510120138-977fb7262007/go.mod h1:oPkhp1MJrh7nUepCBck5+mAzfO9JrbApNNgaTdGDITg=
golang.org/x/sys v0.0.0-20210615035016-665e8c7367d1/go.mod h1:oPkhp1MJrh7nUepCBck5+mAzfO9JrbApNNgaTdGDITg=
golang.org/x/sys v0.0.0-20220128215802-99c3d69c2c27/go.mod h1:oPkhp1MJrh7nUepCBck5+mAzfO9JrbApNNgaTdGDITg=
golang.org/x/sys v0.0.0-20220520151302-bc2c85ada10a/go.mod h1:oPkhp1MJrh7nUepCBck5+mAzfO9JrbApNNgaTdGDITg=
golang.org/x/sys v0.0.0-20220715151400-c0bba94af5f8/go.mod h1:oPkhp1MJrh7nUepCBck5+mAzfO9JrbApNNgaTdGDITg=
golang.org/x/sys v0.0.0-20220722155257-8c9f86f7a55f/go.mod h1:oPkhp1MJrh7nUepCBck5+mAzfO9JrbApNNgaTdGDITg=
golang.org/x/sys v0.0.0-20220811171246-fbc7d0a398ab/go.mod h1:oPkhp1MJrh7nUepCBck5+mAzfO9JrbApNNgaTdGDITg=
golang.org/x/sys v0.1.0/go.mod h1:oPkhp1MJrh7nUepCBck5+mAzfO9JrbApNNgaTdGDITg=
golang.org/x/sys v0.2.0/go.mod h1:oPkhp1MJrh7nUepCBck5+mAzfO9JrbApNNgaTdGDITg=
golang.org/x/sys v0.4.0/go.mod h1:oPkhp1MJrh7nUepCBck5+mAzfO9JrbApNNgaTdGDITg=
golang.org/x/sys v0.5.0 h1:MUK/U/4lj1t1oPg0HfuXDN/Z1wv31ZJ/YcPiGccS4DU=
golang.org/x/sys v0.5.0/go.mod h1:oPkhp1MJrh7nUepCBck5+mAzfO9JrbApNNgaTdGDITg=
golang.org/x/term v0.0.0-20201117132131-f5c789dd3221/go.mod h1:Nr5EML6q2oocZ2LXRh80K7BxOlk5/8JxuGnuhpl+muw=
golang.org/x/term v0.0.0-20201126162022-7de9c90e9dd1/go.mod h1:bj7SfCRtBDWHUb9snDiAeCFNEtKQo2Wmx5Cou7ajbmo=
golang.org/x/term v0.0.0-20210927222741-03fcf44c2211/go.mod h1:jbD1KX2456YbFQfuXm/mYQcufACuNUgVhRMnK/tPxf8=
golang.org/x/term v0.1.0/go.mod h1:jbD1KX2456YbFQfuXm/mYQcufACuNUgVhRMnK/tPxf8=
golang.org/x/term v0.4.0/go.mod h1:9P2UbLfCdcvo3p/nzKvsmas4TnlujnuoV9hGgYzW1lQ=
golang.org/x/term v0.5.0 h1:n2a8QNdAb0sZNpU9R1ALUXBbY+w51fCQDN+7EdxNBsY=
golang.org/x/term v0.5.0/go.mod h1:jMB1sMXY+tzblOD4FWmEbocvup2/aLOaQEp7JmGp78k=
golang.org/x/text v0.3.0/go.mod h1:NqM8EUOU14njkJ3fqMW+pc6Ldnwhi/IjpwHt7yyuwOQ=
golang.org/x/text v0.3.2/go.mod h1:bEr9sfX3Q8Zfm5fL9x+3itogRgK3+ptLWKqgva+5dAk=
golang.org/x/text v0.3.3/go.mod h1:5Zoc/QRtKVWzQhOtBMvqHzDpF6irO9z98xDceosuGiQ=
golang.org/x/text v0.3.6/go.mod h1:5Zoc/QRtKVWzQhOtBMvqHzDpF6irO9z98xDceosuGiQ=
golang.org/x/text v0.3.7/go.mod h1:u+2+/6zg+i71rQMx5EYifcz6MCKuco9NR6JIITiCfzQ=
golang.org/x/text v0.4.0/go.mod h1:mrYo+phRRbMaCq/xk9113O4dZlRixOauAjOtrjsXDZ8=
golang.org/x/text v0.6.0/go.mod h1:mrYo+phRRbMaCq/xk9113O4dZlRixOauAjOtrjsXDZ8=
golang.org/x/text v0.7.0 h1:4BRB4x83lYWy72KwLD/qYDuTu7q9PjSagHvijDw7cLo=
golang.org/x/text v0.7.0/go.mod h1:mrYo+phRRbMaCq/xk9113O4dZlRixOauAjOtrjsXDZ8=
golang.org/x/tools v0.0.0-20180917221912-90fa682c2a6e/go.mod h1:n7NCudcB/nEzxVGmLbDWY5pfWTLqBcC2KZ6jyYvM4mQ=
golang.org/x/tools v0.0.0-20191119224855-298f0cb1881e/go.mod h1:b+2E5dAYhXwXZwtnZ6UAqBI28+e2cm9otk0dWdXHAEo=
golang.org/x/tools v0.0.0-20201224043029-2b0845dc783e/go.mod h1:emZCQorbCU4vsT4fOWvOPXz4eW1wZW4PmDk9uLelYpA=
golang.org/x/tools v0.1.1/go.mod h1:o0xws9oXOQQZyjljx8fwUC0k7L1pTE6eaCbjGeHmOkk=
golang.org/x/tools v0.1.12/go.mod h1:hNGJHUnrk76NpqgfD5Aqm5Crs+Hm0VOH/i9J2+nxYbc=
golang.org/x/tools v0.3.0 h1:SrNbZl6ECOS1qFzgTdQfWXZM9XBkiA6tkFrH9YSTPHM=
golang.org/x/tools v0.3.0/go.mod h1:/rWhSS2+zyEVwoJf8YAX6L2f0ntZ7Kn/mGgAWcipA5k=
golang.org/x/xerrors v0.0.0-20190717185122-a985d3407aa7/go.mod h1:I/5z698sn9Ka8TeJc9MKroUUfqBBauWjQqLJ2OPfmY0=
golang.org/x/xerrors v0.0.0-20191011141410-1b5146add898/go.mod h1:I/5z698sn9Ka8TeJc9MKroUUfqBBauWjQqLJ2OPfmY0=
golang.org/x/xerrors v0.0.0-20191204190536-9bdfabe68543/go.mod h1:I/5z698sn9Ka8TeJc9MKroUUfqBBauWjQqLJ2OPfmY0=
golang.org/x/xerrors v0.0.0-20200804184101-5ec99f83aff1/go.mod h1:I/5z698sn9Ka8TeJc9MKroUUfqBBauWjQqLJ2OPfmY0=
google.golang.org/protobuf v0.0.0-20200109180630-ec00e32a8dfd/go.mod h1:DFci5gLYBciE7Vtevhsrf46CRTquxDuWsQurQQe4oz8=
google.golang.org/protobuf v0.0.0-20200221191635-4d8936d0db64/go.mod h1:kwYJMbMJ01Woi6D6+Kah6886xMZcty6N08ah7+eCXa0=
google.golang.org/protobuf v0.0.0-20200228230310-ab0ca4ff8a60/go.mod h1:cfTl7dwQJ+fmap5saPgwCLgHXTUD7jkjRqWcaiX5VyM=
google.golang.org/protobuf v1.20.1-0.20200309200217-e05f789c0967/go.mod h1:A+miEFZTKqfCUM6K7xSMQL9OKL/b6hQv+e19PK+JZNE=
google.golang.org/protobuf v1.21.0/go.mod h1:47Nbq4nVaFHyn7ilMalzfO3qCViNmqZ2kzikPIcrTAo=
google.golang.org/protobuf v1.23.0/go.mod h1:EGpADcykh3NcUnDUJcl1+ZksZNG86OlYog2l/sGQquU=
google.golang.org/protobuf v1.26.0-rc.1/go.mod h1:jlhhOSvTdKEhbULTjvd4ARK9grFBp09yW+WbY/TyQbw=
google.golang.org/protobuf v1.26.0/go.mod h1:9q0QmTI4eRPtz6boOQmLYwt+qCgq0jsYwAQnmE0givc=
google.golang.org/protobuf v1.28.0 h1:w43yiav+6bVFTBQFZX0r7ipe9JQ1QsbMgHwbBziscLw=
gopkg.in/check.v1 v0.0.0-20161208181325-20d25e280405/go.mod h1:Co6ibVJAznAaIkqp8huTwlJQCZ016jof/cbN4VW5Yz0=
gopkg.in/check.v1 v1.0.0-20190902080502-41f04d3bba15/go.mod h1:Co6ibVJAznAaIkqp8huTwlJQCZ016jof/cbN4VW5Yz0=
gopkg.in/check.v1 v1.0.0-20200227125254-8fa46927fb4f h1:BLraFXnmrev5lT+xlilqcH8XK9/i0At2xKjWk4p6zsU=
gopkg.in/check.v1 v1.0.0-20200227125254-8fa46927fb4f/go.mod h1:Co6ibVJAznAaIkqp8huTwlJQCZ016jof/cbN4VW5Yz0=
gopkg.in/fsnotify.v1 v1.4.7/go.mod h1:Tz8NjZHkW78fSQdbUxIjBTcgA1z1m8ZHf0WmKUhAMys=
gopkg.in/natefinch/lumberjack.v2 v2.0.0/go.mod h1:l0ndWWf7gzL7RNwBG7wST/UCcT4T24xpD6X8LsfU/+k=
gopkg.in/tomb.v1 v1.0.0-20141024135613-dd632973f1e7 h1:uRGJdciOHaEIrze2W8Q3AKkepLTh2hOroT7a+7czfdQ=
gopkg.in/tomb.v1 v1.0.0-20141024135613-dd632973f1e7/go.mod h1:dt/ZhP58zS4L8KSrWDmTeBkI65Dw0HsyUHuEVlX15mw=
gopkg.in/yaml.v2 v2.2.1/go.mod h1:hI93XBmqTisBFMUTm0b8Fm+jr3Dg1NNxqwp+5A1VGuI=
gopkg.in/yaml.v2 v2.2.2/go.mod h1:hI93XBmqTisBFMUTm0b8Fm+jr3Dg1NNxqwp+5A1VGuI=
gopkg.in/yaml.v2 v2.2.4/go.mod h1:hI93XBmqTisBFMUTm0b8Fm+jr3Dg1NNxqwp+5A1VGuI=
gopkg.in/yaml.v2 v2.3.0/go.mod h1:hI93XBmqTisBFMUTm0b8Fm+jr3Dg1NNxqwp+5A1VGuI=
gopkg.in/yaml.v2 v2.4.0/go.mod h1:RDklbk79AGWmwhnvt/jBztapEOGDOx6ZbXqjP6csGnQ=
gopkg.in/yaml.v3 v3.0.0-20200313102051-9f266ea9e77c/go.mod h1:K4uyk7z7BCEPqu6E+C64Yfv1cQ7kz7rIZviUmN+EgEM=
gopkg.in/yaml.v3 v3.0.0-20210107192922-496545a6307b/go.mod h1:K4uyk7z7BCEPqu6E+C64Yfv1cQ7kz7rIZviUmN+EgEM=
gopkg.in/yaml.v3 v3.0.1 h1:fxVm/GzAzEWqLHuvctI91KS9hhNmmWOoWu0XTYJS7CA=
gopkg.in/yaml.v3 v3.0.1/go.mod h1:K4uyk7z7BCEPqu6E+C64Yfv1cQ7kz7rIZviUmN+EgEM=
m7s.live/engine/v4 v4.11.14 h1:gxI2k4Vekb62/0/KlKmSKVVP0vcJFMED4q1yRra58+0=
m7s.live/engine/v4 v4.11.14/go.mod h1:0gK75fj3GjUcVX5Tu/zC7MSob5nFnA1BYTeMt3w7uMU=
m7s.live/plugin/debug/v4 v4.0.0-20220506113031-34f3a736ceb2 h1:0QWJvozTHy7m+G/lOIGiejQ9okFIDjwzVsgXe6ZaJg8=
m7s.live/plugin/debug/v4 v4.0.0-20220506113031-34f3a736ceb2/go.mod h1:A/C1ViacCOK7EPeeCfiwlUrC2TUtRdEqzrR0Yd9b1KQ=
m7s.live/plugin/edge/v4 v4.0.4 h1:NvvYeAbpA1/Vg8dx5e4as/o+PbSCiSI2xoRkKOXBjhI=
m7s.live/plugin/edge/v4 v4.0.4/go.mod h1:AWeJV1Nu2UWsEdlcCATlQW+bz6Pz/3A11AZG9Z4hIc0=
m7s.live/plugin/fmp4/v4 v4.0.1 h1:HX6bkrkHm214DnmpBkyt/a/cE4aeIEHcu4o65OTh7sk=
m7s.live/plugin/fmp4/v4 v4.0.1/go.mod h1:9/DlkfpXuBtZziwARFHZogLRnT+vjXPbO5eTrbGkY+8=
m7s.live/plugin/gb28181/v4 v4.2.8 h1:sN0ZqjC8fB9JtfQCHv1QyDFpXRdbe8/uOZq8wRazJJE=
m7s.live/plugin/gb28181/v4 v4.2.8/go.mod h1:B5RDyhiuKYyQG1KCiMUGE0cP3uTbWdEgpEf8jBEuXgo=
m7s.live/plugin/hdl/v4 v4.1.2 h1:3I6diqnkdu6FDsMckCKFuC/iEkO2pcBHXQR73yLzWa4=
m7s.live/plugin/hdl/v4 v4.1.2/go.mod h1:eHwc7USoFXwutbf4nmtA+lqJF6VU0VjQtNgRhDHhAFU=
m7s.live/plugin/hls/v4 v4.1.7 h1:yIVC6G2M/SMw7WQJ9rcqG9cl0nFPIzs08NRWFmEOfO8=
m7s.live/plugin/hls/v4 v4.1.7/go.mod h1:sSiXP8EuOppMkT5NTxyj41ghC+AcyqjQtH+xaCgr8W4=
m7s.live/plugin/hook/v4 v4.0.1 h1:On3GigXkL14pQacu+lF307jJXDtCEpcmvY79a/DfW7A=
m7s.live/plugin/hook/v4 v4.0.1/go.mod h1:uaTVDsOTiaJ8gUal4YnL5rcpUUhbExn2G8VzEvNGLE0=
m7s.live/plugin/jessica/v4 v4.1.1 h1:+0rW+z5vZC2M2MpFRlk/VW8ugvfdil1s5UPMdeHoigo=
m7s.live/plugin/jessica/v4 v4.1.1/go.mod h1:PiKCNriToVPytx5WMAtE26i8k1g7eP7Pud1msrU3X6g=
m7s.live/plugin/logrotate/v4 v4.0.3 h1:f+teASc5Y5vDOrxXFc/ri3t7jdi6GIb6V9UMjhacb7I=
m7s.live/plugin/logrotate/v4 v4.0.3/go.mod h1:a8hIV59GjpQDE+Ip790CU7yOHaG4+Iweci0sLvo43FU=
m7s.live/plugin/preview/v4 v4.0.2 h1:VAwed6OF63q3H0qSCNrGkPnM+cfqy5jC7zO1fx/3S+c=
m7s.live/plugin/preview/v4 v4.0.2/go.mod h1:iYhWqFbTvTNDFplbTOrE5X9M6ED7gCKkKMuM5QmBocg=
m7s.live/plugin/record/v4 v4.2.6 h1:23pTpxS77+0AzBPmELl+VVKcHFkO06gWLOktKYIpC3U=
m7s.live/plugin/record/v4 v4.2.6/go.mod h1:8fXbmsS+QCQhp136FdqBVEQsbNccWFAYTQDRJW/muQU=
m7s.live/plugin/room/v4 v4.0.4 h1:OOgYMgIMP7O9ehVYsy8WZIugAO6nt8oGYRNvnh1M1rs=
m7s.live/plugin/room/v4 v4.0.4/go.mod h1:Wr0HHEuAoqQdq+zH6F/Av8prz6Vb7ilYzPjUXoeLCXU=
m7s.live/plugin/rtmp/v4 v4.1.7 h1:kzzwAu1Z+GV7c9c7kde3Zc85W0MUHlJ98uDyih68GhA=
m7s.live/plugin/rtmp/v4 v4.1.7/go.mod h1:nHbmIh7H2Vro8OeXWVbxEeCk29ngt0UIsW6ha0Wte2I=
m7s.live/plugin/rtsp/v4 v4.1.4 h1:DLLdnLwwpiuN6eA3Ds6LX1RnlnShQtVxVN2FpXC7gqg=
m7s.live/plugin/rtsp/v4 v4.1.4/go.mod h1:tJA13PbEU4JeU0gto8N0OzDGFkD5q/P6ONK1f+VznhA=
m7s.live/plugin/snap/v4 v4.0.4 h1:v9QGkIFA3Q25shs0YYZ1sju8UfBvlo57fEdp0RwLEpo=
m7s.live/plugin/snap/v4 v4.0.4/go.mod h1:XHggonZ0lIKEX/OP2rXjV2mPpG4urmvMT3foIaFRsus=
m7s.live/plugin/webrtc/v4 v4.0.10 h1:IDhZNBxOApAOzBEkBQ9HaaOpZVqMg/IqwDaJtt/v2Z0=
m7s.live/plugin/webrtc/v4 v4.0.10/go.mod h1:u2spvPIiCWAAUenia/xvAlvcbQKeqCSPA2cRvb/BxlM=
m7s.live/plugin/webtransport/v4 v4.0.2 h1:skL5jxg8rJ4PGJZVJ8pZmxRuJHp8i+pXlH6uQzOdEN0=
m7s.live/plugin/webtransport/v4 v4.0.2/go.mod h1:If9KBJmsoz8Ae37+fds4EBinbNV8a8tqPjLGLvVAr28=
